{
    __meta__ = {
        version = "1.0"
    },
    ["windows|x64"] = {
        ["cmake#31fecfc4"] = {
            repo = {
                branch = "master",
                commit = "cf1ae53ae9ec695e8f6ac3076c7ffeed87f1c8dc",
                url = "https://gitlab.com/tboox/xmake-repo.git"
            },
            version = "3.24.2"
        },
        ["commonlibsse-ng#6cab6700"] = {
            repo = {
                branch = "master",
                commit = "cf1ae53ae9ec695e8f6ac3076c7ffeed87f1c8dc",
                url = "https://gitlab.com/tboox/xmake-repo.git"
            },
            version = "v3.6.0"
        },
        ["fmt#31fecfc4"] = {
            repo = {
                branch = "master",
                commit = "4b194ee9e983ce629751ca5b0a670c7486f18d8f",
                url = "https://gitlab.com/tboox/xmake-repo.git"
            },
            version = "9.1.0"
        },
        ["rapidcsv#31fecfc4"] = {
            repo = {
                branch = "master",
                commit = "4b194ee9e983ce629751ca5b0a670c7486f18d8f",
                url = "https://gitlab.com/tboox/xmake-repo.git"
            },
            version = "8.50"
        },
        ["spdlog#31fecfc4"] = {
            repo = {
                branch = "master",
                commit = "a07053e7a2fe61469884a0185d80f6bddab3b4a3",
                url = "https://gitlab.com/tboox/xmake-repo.git"
            },
            version = "v1.11.0"
        }
    }
}