{
    __meta__ = {
        version = "1.0"
    },
    ["windows|x64"] = {
        ["cmake#31fecfc4"] = {
            repo = {
                branch = "master",
                commit = "4395cd5c17093fa21e663dc4ac9bc4f4c9154814",
                url = "https://gitlab.com/tboox/xmake-repo.git"
            },
            version = "3.24.2"
        },
        ["commonlibsse-ng#6cab6700"] = {
            repo = {
                branch = "master",
                commit = "4395cd5c17093fa21e663dc4ac9bc4f4c9154814",
                url = "https://gitlab.com/tboox/xmake-repo.git"
            },
            version = "v3.7.0"
        },
        ["fmt#31fecfc4"] = {
            repo = {
                branch = "master",
                commit = "4395cd5c17093fa21e663dc4ac9bc4f4c9154814",
                url = "https://gitlab.com/tboox/xmake-repo.git"
            },
            version = "10.2.1"
        },
        ["rapidcsv#31fecfc4"] = {
            repo = {
                branch = "master",
                commit = "4395cd5c17093fa21e663dc4ac9bc4f4c9154814",
                url = "https://gitlab.com/tboox/xmake-repo.git"
            },
            version = "8.82"
        },
        ["spdlog#b06e1130"] = {
            repo = {
                branch = "master",
                commit = "4395cd5c17093fa21e663dc4ac9bc4f4c9154814",
                url = "https://gitlab.com/tboox/xmake-repo.git"
            },
            version = "v1.14.1"
        }
    }
}